<?xml version="1.0" encoding="utf-8"?>
<Project ToolsVersion="4.0" xmlns="http://schemas.microsoft.com/developer/msbuild/2003">
  <ItemGroup>
    <Filter Include="Common">
      <UniqueIdentifier>{b91309b7-6ecb-4962-9b80-af21fe39d41d}</UniqueIdentifier>
    </Filter>
    <Filter Include="ShaderCollector">
      <UniqueIdentifier>{67348260-40a2-4129-b80e-fab13ec1a6ee}</UniqueIdentifier>
    </Filter>
    <Filter Include="Shader">
      <UniqueIdentifier>{3c457f7f-7a52-4b0a-8079-ca10a5f8b00c}</UniqueIdentifier>
    </Filter>
    <Filter Include="SceneCallback">
      <UniqueIdentifier>{e650040a-cf58-4e68-b408-599da23aedc5}</UniqueIdentifier>
    </Filter>
    <Filter Include="Common\DeviceInstance">
      <UniqueIdentifier>{27127ed0-f67d-45d9-a30b-71b16763206b}</UniqueIdentifier>
    </Filter>
    <Filter Include="Common\DeviceInstance\DX12Supporters">
      <UniqueIdentifier>{a75df95d-8f89-4b38-b080-692fa9cb41c5}</UniqueIdentifier>
    </Filter>
    <Filter Include="Common\DeviceInstance\PXSupporters">
      <UniqueIdentifier>{651e4487-5881-41bc-abe0-9edc2286a6e2}</UniqueIdentifier>
    </Filter>
    <Filter Include="Common\CodeResources">
      <UniqueIdentifier>{06ee7465-67f2-45d5-aa98-2bdb29a4758e}</UniqueIdentifier>
    </Filter>
    <Filter Include="Common\DeviceInstance\_Interface">
      <UniqueIdentifier>{d7c4ec32-78d5-4fcb-aec2-239f0062b96b}</UniqueIdentifier>
    </Filter>
    <Filter Include="Step2">
      <UniqueIdentifier>{cf1685e7-cd46-4a98-ad9f-1ababc9a7c30}</UniqueIdentifier>
    </Filter>
    <Filter Include="Common\CodeResources\Ziplib">
      <UniqueIdentifier>{e41811dd-db95-4526-9acb-dce23a80858f}</UniqueIdentifier>
    </Filter>
    <Filter Include="Common\CodeResources\Parser">
      <UniqueIdentifier>{50d9665b-1fd6-4595-a761-3be464ecf4d8}</UniqueIdentifier>
    </Filter>
    <Filter Include="Common\CodeResources\Procedure Class">
      <UniqueIdentifier>{f8b7cc8e-b6ca-43c8-b634-649675801085}</UniqueIdentifier>
    </Filter>
    <Filter Include="Common\DeviceInstance\DX12Supporters\Buffer">
      <UniqueIdentifier>{f715426f-ec1b-493c-9c2b-e87a85c6c3ec}</UniqueIdentifier>
    </Filter>
    <Filter Include="Common\CodeResources\BaseClass">
      <UniqueIdentifier>{0fcf8d5d-fc37-43be-91ee-fca7b7451f41}</UniqueIdentifier>
    </Filter>
    <Filter Include="Common\UIObjects">
      <UniqueIdentifier>{fbeb45be-6909-49dd-97a4-a3c4ffc8b433}</UniqueIdentifier>
    </Filter>
    <Filter Include="Common\GameObject">
      <UniqueIdentifier>{55e480f8-e552-48de-a884-b8b2d8b2518d}</UniqueIdentifier>
    </Filter>
    <Filter Include="Step2\Scenes">
      <UniqueIdentifier>{101019ee-3020-4bd7-9c52-b82a980d7fbd}</UniqueIdentifier>
    </Filter>
    <Filter Include="Common\GameObject\AnimationTree">
      <UniqueIdentifier>{08dd9b4e-5586-45da-8ec8-0c9288782583}</UniqueIdentifier>
    </Filter>
    <Filter Include="Common\GameObject\HeightMap">
      <UniqueIdentifier>{3ef657c7-f421-4966-a887-9741dd86652f}</UniqueIdentifier>
    </Filter>
    <Filter Include="Common\CodeResources\DeviceObject">
      <UniqueIdentifier>{cebfb674-268f-4769-8844-0419a7c46bea}</UniqueIdentifier>
    </Filter>
    <Filter Include="Common\CodeResources\DeviceObject\DoUpdater">
      <UniqueIdentifier>{14a28a25-1bc1-43a5-9ed6-cd9a827e851e}</UniqueIdentifier>
    </Filter>
  </ItemGroup>
  <ItemGroup>
    <ClCompile Include="Step2.cpp">
      <Filter>Step2</Filter>
    </ClCompile>
    <ClCompile Include="..\Common\Source\zlib\inflate.c">
      <Filter>Common\CodeResources\Ziplib</Filter>
    </ClCompile>
    <ClCompile Include="..\Common\Source\zlib\adler32.c">
      <Filter>Common\CodeResources\Ziplib</Filter>
    </ClCompile>
    <ClCompile Include="..\Common\Source\zlib\compress.c">
      <Filter>Common\CodeResources\Ziplib</Filter>
    </ClCompile>
    <ClCompile Include="..\Common\Source\zlib\crc32.c">
      <Filter>Common\CodeResources\Ziplib</Filter>
    </ClCompile>
    <ClCompile Include="..\Common\Source\zlib\deflate.c">
      <Filter>Common\CodeResources\Ziplib</Filter>
    </ClCompile>
    <ClCompile Include="..\Common\Source\zlib\inffast.c">
      <Filter>Common\CodeResources\Ziplib</Filter>
    </ClCompile>
    <ClCompile Include="..\Common\Source\zlib\inftrees.c">
      <Filter>Common\CodeResources\Ziplib</Filter>
    </ClCompile>
    <ClCompile Include="..\Common\Source\zlib\trees.c">
      <Filter>Common\CodeResources\Ziplib</Filter>
    </ClCompile>
    <ClCompile Include="..\Common\Source\zlib\zutil.c">
      <Filter>Common\CodeResources\Ziplib</Filter>
    </ClCompile>
    <ClCompile Include="..\Common\Source\XFileParser.cpp">
      <Filter>Common\CodeResources\Parser</Filter>
    </ClCompile>
    <ClCompile Include="..\Common\Source\GameObject.cpp">
      <Filter>Common\GameObject</Filter>
    </ClCompile>
    <ClCompile Include="..\Common\Source\cTextureBuffer.cpp">
      <Filter>Common\DeviceInstance\DX12Supporters\Buffer</Filter>
    </ClCompile>
    <ClCompile Include="..\Common\Source\AnimationTree.cpp">
      <Filter>Common\GameObject\AnimationTree</Filter>
    </ClCompile>
    <ClCompile Include="..\Common\Source\AnimationTreeCreator.cpp">
      <Filter>Common\GameObject\AnimationTree</Filter>
    </ClCompile>
    <ClCompile Include="..\Common\Source\AnimationStructs.cpp">
      <Filter>Common\CodeResources\BaseClass</Filter>
    </ClCompile>
    <ClCompile Include="..\Common\Source\d3dUtil.cpp">
      <Filter>Common\CodeResources\BaseClass</Filter>
    </ClCompile>
    <ClCompile Include="..\Common\Source\DX12FontMG.cpp">
      <Filter>Common\DeviceInstance\DX12Supporters</Filter>
    </ClCompile>
    <ClCompile Include="..\Common\Source\cCamera.cpp">
      <Filter>Common\CodeResources\Procedure Class</Filter>
    </ClCompile>
    <ClCompile Include="..\Common\Source\DX12RenderClasses.cpp">
      <Filter>Common\DeviceInstance\DX12Supporters</Filter>
    </ClCompile>
    <ClCompile Include="..\Common\Source\GraphicDX12.cpp">
      <Filter>Common\DeviceInstance\DX12Supporters</Filter>
    </ClCompile>
    <ClCompile Include="..\Common\Source\PhysX4_1.cpp">
      <Filter>Common\DeviceInstance\PXSupporters</Filter>
    </ClCompile>
    <ClCompile Include="..\Common\Source\CGHScene.cpp">
      <Filter>Common\CodeResources\BaseClass</Filter>
    </ClCompile>
    <ClCompile Include="..\Common\UIObjects\UIButton.cpp">
      <Filter>Common\UIObjects</Filter>
    </ClCompile>
    <ClCompile Include="..\Common\UIObjects\UIParam.cpp">
      <Filter>Common\UIObjects</Filter>
    </ClCompile>
    <ClCompile Include="..\Common\Source\StaticObject.cpp">
      <Filter>Common\CodeResources\BaseClass</Filter>
    </ClCompile>
    <ClCompile Include="..\Common\UIObjects\UIPanel.cpp">
      <Filter>Common\UIObjects</Filter>
    </ClCompile>
    <ClCompile Include="..\Common\Source\AnimationTreeScene\AnimationTreeScene.cpp">
      <Filter>Step2\Scenes</Filter>
    </ClCompile>
    <ClCompile Include="..\Common\Source\GameTimer.cpp">
      <Filter>Common\CodeResources\Procedure Class</Filter>
    </ClCompile>
    <ClCompile Include="TESTOBJECT.CPP">
      <Filter>Step2</Filter>
    </ClCompile>
    <ClCompile Include="..\Common\Source\d3dApp.cpp">
      <Filter>Common\CodeResources\BaseClass</Filter>
    </ClCompile>
    <ClCompile Include="..\Common\Source\InputTextureNameList.cpp">
      <Filter>Common\CodeResources\BaseClass</Filter>
    </ClCompile>
    <ClCompile Include="..\Common\Source\HeightMap.cpp">
      <Filter>Common\GameObject\HeightMap</Filter>
    </ClCompile>
    <ClCompile Include="..\Common\Source\DeviceObject.cpp">
      <Filter>Common\CodeResources\DeviceObject</Filter>
    </ClCompile>
    <ClCompile Include="..\Common\Source\PhysicsDO.cpp">
      <Filter>Common\CodeResources\DeviceObject</Filter>
    </ClCompile>
    <ClCompile Include="..\Common\Source\ComponentUpdater.cpp">
      <Filter>Common\CodeResources\DeviceObject\DoUpdater</Filter>
    </ClCompile>
    <ClCompile Include="..\Common\Source\GraphicDO.cpp">
      <Filter>Common\CodeResources\DeviceObject</Filter>
    </ClCompile>
  </ItemGroup>
  <ItemGroup>
    <ClInclude Include="..\Common\Source\IPhysicsDevice.h">
      <Filter>Common\DeviceInstance\_Interface</Filter>
    </ClInclude>
    <ClInclude Include="..\Common\Source\IGraphicDevice.h">
      <Filter>Common\DeviceInstance\_Interface</Filter>
    </ClInclude>
    <ClInclude Include="..\Common\Source\DX12RenderClasses.h">
      <Filter>Common\DeviceInstance\DX12Supporters</Filter>
    </ClInclude>
    <ClInclude Include="Step2.h">
      <Filter>Step2</Filter>
    </ClInclude>
    <ClInclude Include="..\Common\Source\XFileParser.h">
      <Filter>Common\CodeResources\Parser</Filter>
    </ClInclude>
    <ClInclude Include="..\Common\Source\GameObject.h">
      <Filter>Common\GameObject</Filter>
    </ClInclude>
    <ClInclude Include="..\Common\Source\cCamera.h">
      <Filter>Common\CodeResources\Procedure Class</Filter>
    </ClInclude>
    <ClInclude Include="..\Common\Source\cTextureBuffer.h">
      <Filter>Common\DeviceInstance\DX12Supporters\Buffer</Filter>
    </ClInclude>
    <ClInclude Include="..\Common\Source\cDefaultBuffer.h">
      <Filter>Common\DeviceInstance\DX12Supporters\Buffer</Filter>
    </ClInclude>
    <ClInclude Include="..\Common\Source\cIndexManagementBuffer.h">
      <Filter>Common\DeviceInstance\DX12Supporters\Buffer</Filter>
    </ClInclude>
    <ClInclude Include="..\Common\Source\AnimationTree.h">
      <Filter>Common\GameObject\AnimationTree</Filter>
    </ClInclude>
    <ClInclude Include="..\Common\Source\AnimationTreeCreator.h">
      <Filter>Common\GameObject\AnimationTree</Filter>
    </ClInclude>
    <ClInclude Include="..\Common\Source\BaseClass.h">
      <Filter>Common\CodeResources\BaseClass</Filter>
    </ClInclude>
    <ClInclude Include="..\Common\Source\AnimationStructs.h">
      <Filter>Common\CodeResources\BaseClass</Filter>
    </ClInclude>
    <ClInclude Include="..\Common\Source\Vertex.h">
      <Filter>Common\CodeResources\BaseClass</Filter>
    </ClInclude>
    <ClInclude Include="..\Common\Source\d3dUtil.h">
      <Filter>Common\CodeResources\BaseClass</Filter>
    </ClInclude>
    <ClInclude Include="..\Common\Source\Px1RefPtr.h">
      <Filter>Common\CodeResources\BaseClass</Filter>
    </ClInclude>
    <ClInclude Include="..\Common\Source\DX12FontMG.h">
      <Filter>Common\DeviceInstance\DX12Supporters</Filter>
    </ClInclude>
    <ClInclude Include="..\Common\Source\GraphicDX12.h">
      <Filter>Common\DeviceInstance\DX12Supporters</Filter>
    </ClInclude>
    <ClInclude Include="..\Common\Source\PhysX4_1.h">
      <Filter>Common\DeviceInstance\PXSupporters</Filter>
    </ClInclude>
    <ClInclude Include="..\Common\Source\PhysXFunctionalObject.h">
      <Filter>Common\DeviceInstance\PXSupporters</Filter>
    </ClInclude>
    <ClInclude Include="..\Common\Source\CGHScene.h">
      <Filter>Common\CodeResources\BaseClass</Filter>
    </ClInclude>
    <ClInclude Include="..\Common\UIObjects\UIButton.h">
      <Filter>Common\UIObjects</Filter>
    </ClInclude>
    <ClInclude Include="..\Common\UIObjects\UIPanel.h">
      <Filter>Common\UIObjects</Filter>
    </ClInclude>
    <ClInclude Include="..\Common\UIObjects\UIParam.h">
      <Filter>Common\UIObjects</Filter>
    </ClInclude>
    <ClInclude Include="..\Common\Source\StaticObject.h">
      <Filter>Common\CodeResources\BaseClass</Filter>
    </ClInclude>
    <ClInclude Include="..\Common\Source\AnimationTreeScene\AnimationTreeScene.h">
      <Filter>Step2\Scenes</Filter>
    </ClInclude>
    <ClInclude Include="..\Common\Source\GameTimer.h">
      <Filter>Common\CodeResources\Procedure Class</Filter>
    </ClInclude>
    <ClInclude Include="TestObject.h">
      <Filter>Step2</Filter>
    </ClInclude>
    <ClInclude Include="..\Common\Source\d3dApp.h">
      <Filter>Common\CodeResources\BaseClass</Filter>
    </ClInclude>
    <ClInclude Include="..\Common\Source\InputTextureNameList.h">
      <Filter>Common\CodeResources\BaseClass</Filter>
    </ClInclude>
    <ClInclude Include="..\Common\Source\HeightMap.h">
      <Filter>Common\GameObject\HeightMap</Filter>
    </ClInclude>
    <ClInclude Include="..\Common\Source\DeviceObject.h">
      <Filter>Common\CodeResources\DeviceObject</Filter>
    </ClInclude>
    <ClInclude Include="..\Common\Source\IDeviceObjectRegistration.h">
      <Filter>Common\DeviceInstance\_Interface</Filter>
    </ClInclude>
    <ClInclude Include="..\Common\Source\PhysicsDO.h">
      <Filter>Common\CodeResources\DeviceObject</Filter>
    </ClInclude>
    <ClInclude Include="..\Common\Source\ComponentUpdater.h">
      <Filter>Common\CodeResources\DeviceObject\DoUpdater</Filter>
    </ClInclude>
    <ClInclude Include="..\Common\Source\GraphicDO.h">
      <Filter>Common\CodeResources\DeviceObject</Filter>
    </ClInclude>
  </ItemGroup>
  <ItemGroup>
    <None Include="..\Common\MainShaders\BaseShader.hlsl">
      <Filter>Shader</Filter>
    </None>
    <None Include="..\Common\MainShaders\pointShader.hlsl">
      <Filter>Shader</Filter>
    </None>
  </ItemGroup>
</Project>